PODS:
  - Flutter (1.0.0)
  - testappio (1.0.1):
    - Flutter
    - TestAppIOSDK (~> 2.0)
  - TestAppIOSDK (2.0.1)

DEPENDENCIES:
  - Flutter (from `Flutter`)
  - testappio (from `.symlinks/plugins/testappio/ios`)
  - TestAppIOSDK (from `https://github.com/testappio/ios-sdk.git`)

EXTERNAL SOURCES:
  Flutter:
    :path: Flutter
  testappio:
    :path: ".symlinks/plugins/testappio/ios"
  TestAppIOSDK:
    :git: https://github.com/testappio/ios-sdk.git

CHECKOUT OPTIONS:
  TestAppIOSDK:
    :commit: 7cc4b55ab780a74b92b8b7c448f31a20afb6e8fd
    :git: https://github.com/testappio/ios-sdk.git

SPEC CHECKSUMS:
  Flutter: f04841e97a9d0b0a8025694d0796dd46242b2854
  testappio: 36be52c9d83022e75f5bf17674b2800d849e74e9
  TestAppIOSDK: a6886c351f2cd91adf3b477f05cdb06e05f41976

PODFILE CHECKSUM: a6730806d02d38037ba867a364d2ce51902e0507

COCOAPODS: 1.14.2
